
Microsoft Visual Studio Solution File, Format Version 12.00
# Visual Studio Version 16
VisualStudioVersion = 16.0.29318.209
MinimumVisualStudioVersion = 10.0.40219.1
Project("{9A19103F-16F7-4668-BE54-9A1E7A4F7556}") = "dotnet-references", "src\dotnet-references\dotnet-references.csproj", "{93798B54-012B-4DDD-BD14-FCB4CC61D720}"
EndProject
Project("{2150E333-8FDC-42A3-9474-1A3956D46DE8}") = ".dotfiles", ".dotfiles", "{C80FEF4D-CE1E-449E-8879-497029445C6A}"
	ProjectSection(SolutionItems) = preProject
		.gitignore = .gitignore
		Directory.Build.props = Directory.Build.props
		docs\Dockerfile-use-case.md = docs\Dockerfile-use-case.md
		docs\README-dotnet-fix-references.md = docs\README-dotnet-fix-references.md
		README.md = README.md
	EndProjectSection
EndProject
Global
	GlobalSection(SolutionConfigurationPlatforms) = preSolution
		Debug|Any CPU = Debug|Any CPU
		Release|Any CPU = Release|Any CPU
	EndGlobalSection
	GlobalSection(ProjectConfigurationPlatforms) = postSolution
		{93798B54-012B-4DDD-BD14-FCB4CC61D720}.Debug|Any CPU.ActiveCfg = Debug|Any CPU
		{93798B54-012B-4DDD-BD14-FCB4CC61D720}.Debug|Any CPU.Build.0 = Debug|Any CPU
		{93798B54-012B-4DDD-BD14-FCB4CC61D720}.Release|Any CPU.ActiveCfg = Release|Any CPU
		{93798B54-012B-4DDD-BD14-FCB4CC61D720}.Release|Any CPU.Build.0 = Release|Any CPU
	EndGlobalSection
	GlobalSection(SolutionProperties) = preSolution
		HideSolutionNode = FALSE
	EndGlobalSection
	GlobalSection(ExtensibilityGlobals) = postSolution
		SolutionGuid = {EE37C22E-E3CE-4E6B-8004-BB25FE05CB98}
	EndGlobalSection
EndGlobal
